
Microsoft Visual Studio Solution File, Format Version 12.00
# Visual Studio Version 17
VisualStudioVersion = 17.14.36414.22 d17.14
MinimumVisualStudioVersion = 10.0.40219.1
Project("{FAE04EC0-301F-11D3-BF4B-00C04F79EFBC}") = "AimPark.API", "AimPark.API\AimPark.API.csproj", "{03A31A06-CB34-41A6-B50E-8F20F5CA4660}"
EndProject
Global
	GlobalSection(SolutionConfigurationPlatforms) = preSolution
		Debug|Any CPU = Debug|Any CPU
		Release|Any CPU = Release|Any CPU
	EndGlobalSection
	GlobalSection(ProjectConfigurationPlatforms) = postSolution
		{03A31A06-CB34-41A6-B50E-8F20F5CA4660}.Debug|Any CPU.ActiveCfg = Debug|Any CPU
		{03A31A06-CB34-41A6-B50E-8F20F5CA4660}.Debug|Any CPU.Build.0 = Debug|Any CPU
		{03A31A06-CB34-41A6-B50E-8F20F5CA4660}.Release|Any CPU.ActiveCfg = Release|Any CPU
		{03A31A06-CB34-41A6-B50E-8F20F5CA4660}.Release|Any CPU.Build.0 = Release|Any CPU
	EndGlobalSection
	GlobalSection(SolutionProperties) = preSolution
		HideSolutionNode = FALSE
	EndGlobalSection
	GlobalSection(ExtensibilityGlobals) = postSolution
		SolutionGuid = {51769325-2176-4472-8978-CD5DDD22FF47}
	EndGlobalSection
EndGlobal
